// !$*UTF8*$!
{
	archiveVersion = 1;
	classes = {
	};
	objectVersion = 46;
	objects = {

/* Begin PBXBuildFile section */
		1817955824A247CA9F871398 /* CoreFoundation.framework in Frameworks */ = {isa = PBXBuildFile; fileRef = EA5C1300C9792D32A5828940 /* CoreFoundation.framework */; };
		30A3102174B6E15368886661 /* LayerStack.cpp in Sources */ = {isa = PBXBuildFile; fileRef = 25C841C996EAE2BB4CB19009 /* LayerStack.cpp */; };
		4AE14009FEDD593BE08F9649 /* imgui_impl_opengl3.cpp in Sources */ = {isa = PBXBuildFile; fileRef = D7FFABB1725994A3AE91F9F1 /* imgui_impl_opengl3.cpp */; };
		6090C9794627D0AB096CDFB9 /* libGLFW.a in Frameworks */ = {isa = PBXBuildFile; fileRef = 172B87E1712C9ED338739621 /* libGLFW.a */; };
		713678D803C442CA6C9CE718 /* IOKit.framework in Frameworks */ = {isa = PBXBuildFile; fileRef = 0BACC980CF188B320DBC2FC0 /* IOKit.framework */; };
		840EA602F136B474F2C9A442 /* OpenGL.framework in Frameworks */ = {isa = PBXBuildFile; fileRef = 19352E0A6698243CDCB7244A /* OpenGL.framework */; };
		84A600231CF2E5D54B39E663 /* Application.cpp in Sources */ = {isa = PBXBuildFile; fileRef = 065A6DAB4AA9131D8CD04BEB /* Application.cpp */; };
		9223EFD8340D8BCA2B349E18 /* CoreVideo.framework in Frameworks */ = {isa = PBXBuildFile; fileRef = 606C44802E8F9832B59DEAC0 /* CoreVideo.framework */; };
		9A181E15B4E48CC7B8B52455 /* ImGuiLayer.cpp in Sources */ = {isa = PBXBuildFile; fileRef = 09F5141D771D228F78B0125D /* ImGuiLayer.cpp */; };
		AED797480A18EABADD733588 /* aurpch.cpp in Sources */ = {isa = PBXBuildFile; fileRef = C5C5F7F0DCD89322CCF48E30 /* aurpch.cpp */; };
		C9CD043523CE1B27EB151275 /* WinWindow.cpp in Sources */ = {isa = PBXBuildFile; fileRef = 9D72547DB83EC32FBC0F5ABD /* WinWindow.cpp */; };
		CC334A99B1CA51CB750F60D9 /* libGLAD.a in Frameworks */ = {isa = PBXBuildFile; fileRef = 838ED801DD8FEEF3A4D6E641 /* libGLAD.a */; };
		EA0614A5455164D733834AE5 /* libImGui.a in Frameworks */ = {isa = PBXBuildFile; fileRef = B70ACDADC8C20D9F3E2FFBED /* libImGui.a */; };
		F42F9EFF50B6A371D9595D3F /* WindowsInput.cpp in Sources */ = {isa = PBXBuildFile; fileRef = 04D1EEA714B71AD9012AA4E7 /* WindowsInput.cpp */; };
		F636BB7FB9A27D31F84621BF /* Log.cpp in Sources */ = {isa = PBXBuildFile; fileRef = 1704A147106AA2B90405FF87 /* Log.cpp */; };
		F8E8DBA28B76A594F44F49E2 /* Cocoa.framework in Frameworks */ = {isa = PBXBuildFile; fileRef = 8D6BC6AA50D7885C8F7B2CEA /* Cocoa.framework */; };
/* End PBXBuildFile section */

/* Begin PBXContainerItemProxy section */
		588D649D43798A8F8B5F52DD /* PBXContainerItemProxy */ = {
			isa = PBXContainerItemProxy;
			containerPortal = E19C4EDD3901C1CFEB0FDD1D /* vendor/imgui/ImGui.xcodeproj */;
			proxyType = 2;
			remoteGlobalIDString = B27392EA23FEAB5CD2FFD12A;
			remoteInfo = libImGui.a;
		};
		7AC179D2A0E7A98407EEA012 /* PBXContainerItemProxy */ = {
			isa = PBXContainerItemProxy;
			containerPortal = 11BF275CF6062F8E79F35D9C /* vendor/GLFW/GLFW.xcodeproj */;
			proxyType = 2;
			remoteGlobalIDString = FB2B399FFE9C0BD18008AFDF;
			remoteInfo = libGLFW.a;
		};
		7BB8C31AA1DEF2CC08E5E95A /* PBXContainerItemProxy */ = {
			isa = PBXContainerItemProxy;
			containerPortal = A78B3A348BD242660FBF7074 /* vendor/GLAD/GLAD.xcodeproj */;
			proxyType = 2;
			remoteGlobalIDString = DB42B1E7DEB3841960202827;
			remoteInfo = libGLAD.a;
		};
		AAC7D73695B3FD28DD99C576 /* PBXContainerItemProxy */ = {
			isa = PBXContainerItemProxy;
			containerPortal = E19C4EDD3901C1CFEB0FDD1D /* vendor/imgui/ImGui.xcodeproj */;
			proxyType = 1;
			remoteGlobalIDString = F03FB590F3B087C2751D2BD0;
			remoteInfo = libImGui.a;
		};
		CCFBEC6BF3221C1D5A2912AB /* PBXContainerItemProxy */ = {
			isa = PBXContainerItemProxy;
			containerPortal = 11BF275CF6062F8E79F35D9C /* vendor/GLFW/GLFW.xcodeproj */;
			proxyType = 1;
			remoteGlobalIDString = 6E92D9A59D392D97F67A87E5;
			remoteInfo = libGLFW.a;
		};
		CDF335B3F41965655B205BF3 /* PBXContainerItemProxy */ = {
			isa = PBXContainerItemProxy;
			containerPortal = A78B3A348BD242660FBF7074 /* vendor/GLAD/GLAD.xcodeproj */;
			proxyType = 1;
			remoteGlobalIDString = E1F868ED109EBCDF69E0172D;
			remoteInfo = libGLAD.a;
		};
/* End PBXContainerItemProxy section */

/* Begin PBXFileReference section */
		01829F57337BEA09AD5B2597 /* AppEvent.h */ = {isa = PBXFileReference; lastKnownFileType = sourcecode.c.h; name = AppEvent.h; path = src/Aurora/Events/AppEvent.h; sourceTree = "<group>"; };
		04B8C5A5359CBD9748B4F3E5 /* EntryPoint.h */ = {isa = PBXFileReference; lastKnownFileType = sourcecode.c.h; name = EntryPoint.h; path = src/Aurora/EntryPoint.h; sourceTree = "<group>"; };
		04D1EEA714B71AD9012AA4E7 /* WindowsInput.cpp */ = {isa = PBXFileReference; lastKnownFileType = sourcecode.cpp.cpp; name = WindowsInput.cpp; path = src/Aurora/Platform/Windows/WindowsInput.cpp; sourceTree = "<group>"; };
		065A6DAB4AA9131D8CD04BEB /* Application.cpp */ = {isa = PBXFileReference; lastKnownFileType = sourcecode.cpp.cpp; name = Application.cpp; path = src/Aurora/Application.cpp; sourceTree = "<group>"; };
		09F5141D771D228F78B0125D /* ImGuiLayer.cpp */ = {isa = PBXFileReference; lastKnownFileType = sourcecode.cpp.cpp; name = ImGuiLayer.cpp; path = src/Aurora/ImGui/ImGuiLayer.cpp; sourceTree = "<group>"; };
		0BACC980CF188B320DBC2FC0 /* IOKit.framework */ = {isa = PBXFileReference; lastKnownFileType = wrapper.framework; name = IOKit.framework; path = System/Library/Frameworks/IOKit.framework; sourceTree = SDKROOT; };
		11BF275CF6062F8E79F35D9C /* libGLFW.a */ = {isa = PBXFileReference; lastKnownFileType = "wrapper.pb-project"; name = "GLFW.xcodeproj"; path = vendor/GLFW/GLFW.xcodeproj; sourceTree = SOURCE_ROOT; };
		1704A147106AA2B90405FF87 /* Log.cpp */ = {isa = PBXFileReference; lastKnownFileType = sourcecode.cpp.cpp; name = Log.cpp; path = src/Aurora/Log.cpp; sourceTree = "<group>"; };
		19352E0A6698243CDCB7244A /* OpenGL.framework */ = {isa = PBXFileReference; lastKnownFileType = wrapper.framework; name = OpenGL.framework; path = System/Library/Frameworks/OpenGL.framework; sourceTree = SDKROOT; };
		2549779D10359D8F581B65DD /* Window.h */ = {isa = PBXFileReference; lastKnownFileType = sourcecode.c.h; name = Window.h; path = src/Aurora/Window.h; sourceTree = "<group>"; };
		25C841C996EAE2BB4CB19009 /* LayerStack.cpp */ = {isa = PBXFileReference; lastKnownFileType = sourcecode.cpp.cpp; name = LayerStack.cpp; path = src/Aurora/LayerStack.cpp; sourceTree = "<group>"; };
		2C546BF52616286760152A35 /* Application.h */ = {isa = PBXFileReference; lastKnownFileType = sourcecode.c.h; name = Application.h; path = src/Aurora/Application.h; sourceTree = "<group>"; };
		344A7433652E6C257846A273 /* LayerStack.h */ = {isa = PBXFileReference; lastKnownFileType = sourcecode.c.h; name = LayerStack.h; path = src/Aurora/LayerStack.h; sourceTree = "<group>"; };
		345063AD2DB6651F2151C1ED /* Input.h */ = {isa = PBXFileReference; lastKnownFileType = sourcecode.c.h; name = Input.h; path = src/Aurora/Input.h; sourceTree = "<group>"; };
		374221FB66D3F0ED41E1303B /* KeyCodes.h */ = {isa = PBXFileReference; lastKnownFileType = sourcecode.c.h; name = KeyCodes.h; path = src/Aurora/KeyCodes.h; sourceTree = "<group>"; };
		3A9041BA3E0113ECBF6DB7FA /* aurpch.h */ = {isa = PBXFileReference; lastKnownFileType = sourcecode.c.h; name = aurpch.h; path = src/aurpch.h; sourceTree = "<group>"; };
		3C17D811ADA2F0835CA41651 /* Log.h */ = {isa = PBXFileReference; lastKnownFileType = sourcecode.c.h; name = Log.h; path = src/Aurora/Log.h; sourceTree = "<group>"; };
		56C309C85A33DBFADBA08008 /* Aurora.h */ = {isa = PBXFileReference; lastKnownFileType = sourcecode.c.h; name = Aurora.h; path = src/Aurora.h; sourceTree = "<group>"; };
		606C44802E8F9832B59DEAC0 /* CoreVideo.framework */ = {isa = PBXFileReference; lastKnownFileType = wrapper.framework; name = CoreVideo.framework; path = System/Library/Frameworks/CoreVideo.framework; sourceTree = SDKROOT; };
		63F7EF5906E6160B960BF599 /* libAurora.a */ = {isa = PBXFileReference; explicitFileType = archive.ar; includeInIndex = 0; name = libAurora.a; path = libAurora.a; sourceTree = BUILT_PRODUCTS_DIR; };
		75A7871B875EC70DFCCCB55B /* imgui_impl_opengl3.h */ = {isa = PBXFileReference; lastKnownFileType = sourcecode.c.h; name = imgui_impl_opengl3.h; path = src/Aurora/Platform/OpenGL/imgui_impl_opengl3.h; sourceTree = "<group>"; };
		8D6BC6AA50D7885C8F7B2CEA /* Cocoa.framework */ = {isa = PBXFileReference; lastKnownFileType = wrapper.framework; name = Cocoa.framework; path = System/Library/Frameworks/Cocoa.framework; sourceTree = SDKROOT; };
		8F791A0788DF1B797C7A7847 /* Layer.h */ = {isa = PBXFileReference; lastKnownFileType = sourcecode.c.h; name = Layer.h; path = src/Aurora/Layer.h; sourceTree = "<group>"; };
		97662B272FB310D95DFA1167 /* WinWindow.h */ = {isa = PBXFileReference; lastKnownFileType = sourcecode.c.h; name = WinWindow.h; path = src/Aurora/Platform/Windows/WinWindow.h; sourceTree = "<group>"; };
		99C5ABA7CBBEF659459E31E7 /* KeyEvent.h */ = {isa = PBXFileReference; lastKnownFileType = sourcecode.c.h; name = KeyEvent.h; path = src/Aurora/Events/KeyEvent.h; sourceTree = "<group>"; };
		9B5F67719B024AA3D556FDB1 /* WindowsInput.h */ = {isa = PBXFileReference; lastKnownFileType = sourcecode.c.h; name = WindowsInput.h; path = src/Aurora/Platform/Windows/WindowsInput.h; sourceTree = "<group>"; };
		9D72547DB83EC32FBC0F5ABD /* WinWindow.cpp */ = {isa = PBXFileReference; lastKnownFileType = sourcecode.cpp.cpp; name = WinWindow.cpp; path = src/Aurora/Platform/Windows/WinWindow.cpp; sourceTree = "<group>"; };
		A78B3A348BD242660FBF7074 /* libGLAD.a */ = {isa = PBXFileReference; lastKnownFileType = "wrapper.pb-project"; name = "GLAD.xcodeproj"; path = vendor/GLAD/GLAD.xcodeproj; sourceTree = SOURCE_ROOT; };
		C5C5F7F0DCD89322CCF48E30 /* aurpch.cpp */ = {isa = PBXFileReference; lastKnownFileType = sourcecode.cpp.cpp; name = aurpch.cpp; path = src/aurpch.cpp; sourceTree = "<group>"; };
		D49D63B32C02D6A5DE10F1F3 /* MouseButtonCodes.h */ = {isa = PBXFileReference; lastKnownFileType = sourcecode.c.h; name = MouseButtonCodes.h; path = src/Aurora/MouseButtonCodes.h; sourceTree = "<group>"; };
		D7FFABB1725994A3AE91F9F1 /* imgui_impl_opengl3.cpp */ = {isa = PBXFileReference; lastKnownFileType = sourcecode.cpp.cpp; name = imgui_impl_opengl3.cpp; path = src/Aurora/Platform/OpenGL/imgui_impl_opengl3.cpp; sourceTree = "<group>"; };
		D86C54071CBAF9795EE23247 /* ImGuiLayer.h */ = {isa = PBXFileReference; lastKnownFileType = sourcecode.c.h; name = ImGuiLayer.h; path = src/Aurora/ImGui/ImGuiLayer.h; sourceTree = "<group>"; };
		E19C4EDD3901C1CFEB0FDD1D /* libImGui.a */ = {isa = PBXFileReference; lastKnownFileType = "wrapper.pb-project"; name = "ImGui.xcodeproj"; path = vendor/imgui/ImGui.xcodeproj; sourceTree = SOURCE_ROOT; };
		E3E4957505B042A742656BB5 /* Event.h */ = {isa = PBXFileReference; lastKnownFileType = sourcecode.c.h; name = Event.h; path = src/Aurora/Events/Event.h; sourceTree = "<group>"; };
		EA5653A7B879A7593F87F9E7 /* MouseEvent.h */ = {isa = PBXFileReference; lastKnownFileType = sourcecode.c.h; name = MouseEvent.h; path = src/Aurora/Events/MouseEvent.h; sourceTree = "<group>"; };
		EA5C1300C9792D32A5828940 /* CoreFoundation.framework */ = {isa = PBXFileReference; lastKnownFileType = wrapper.framework; name = CoreFoundation.framework; path = System/Library/Frameworks/CoreFoundation.framework; sourceTree = SDKROOT; };
		ED18F3DFEDCBF0D161ADC21F /* Core.h */ = {isa = PBXFileReference; lastKnownFileType = sourcecode.c.h; name = Core.h; path = src/Aurora/Core.h; sourceTree = "<group>"; };
/* End PBXFileReference section */

/* Begin PBXFrameworksBuildPhase section */
		7ACE20491F20BDFB31590689 /* Frameworks */ = {
			isa = PBXFrameworksBuildPhase;
			buildActionMask = 2147483647;
			files = (
				840EA602F136B474F2C9A442 /* OpenGL.framework in Frameworks */,
				F8E8DBA28B76A594F44F49E2 /* Cocoa.framework in Frameworks */,
				713678D803C442CA6C9CE718 /* IOKit.framework in Frameworks */,
				1817955824A247CA9F871398 /* CoreFoundation.framework in Frameworks */,
				9223EFD8340D8BCA2B349E18 /* CoreVideo.framework in Frameworks */,
				6090C9794627D0AB096CDFB9 /* libGLFW.a in Frameworks */,
				CC334A99B1CA51CB750F60D9 /* libGLAD.a in Frameworks */,
				EA0614A5455164D733834AE5 /* libImGui.a in Frameworks */,
			);
			runOnlyForDeploymentPostprocessing = 0;
		};
/* End PBXFrameworksBuildPhase section */

/* Begin PBXGroup section */
		014014D2FAA61644EE417312 /* Products */ = {
			isa = PBXGroup;
			children = (
				172B87E1712C9ED338739621 /* libGLFW.a */,
			);
			name = Products;
			sourceTree = "<group>";
		};
		06D8EA2BCA44ABDD08E8506B /* Windows */ = {
			isa = PBXGroup;
			children = (
				9D72547DB83EC32FBC0F5ABD /* WinWindow.cpp */,
				97662B272FB310D95DFA1167 /* WinWindow.h */,
				04D1EEA714B71AD9012AA4E7 /* WindowsInput.cpp */,
				9B5F67719B024AA3D556FDB1 /* WindowsInput.h */,
			);
			name = Windows;
			sourceTree = "<group>";
		};
		0799E0AAE544E35CB8E966EA /* Aurora */ = {
			isa = PBXGroup;
			children = (
				B341009C568C89CE715D56DC /* Aurora */,
				56C309C85A33DBFADBA08008 /* Aurora.h */,
				C5C5F7F0DCD89322CCF48E30 /* aurpch.cpp */,
				3A9041BA3E0113ECBF6DB7FA /* aurpch.h */,
				BBF76781A7E87333FA200DC1 /* Frameworks */,
				A6C936B49B3FADE6EA134CF4 /* Products */,
				9D968EAA920D05DCE0E0A4EA /* Projects */,
			);
			name = Aurora;
			sourceTree = "<group>";
		};
		204F551A19B5568C0D50B35A /* Products */ = {
			isa = PBXGroup;
			children = (
				838ED801DD8FEEF3A4D6E641 /* libGLAD.a */,
			);
			name = Products;
			sourceTree = "<group>";
		};
		2408530B24BB4FFD989D214B /* Events */ = {
			isa = PBXGroup;
			children = (
				01829F57337BEA09AD5B2597 /* AppEvent.h */,
				E3E4957505B042A742656BB5 /* Event.h */,
				99C5ABA7CBBEF659459E31E7 /* KeyEvent.h */,
				EA5653A7B879A7593F87F9E7 /* MouseEvent.h */,
			);
			name = Events;
			sourceTree = "<group>";
		};
		2FFE905F51CA3D918E7F669F /* OpenGL */ = {
			isa = PBXGroup;
			children = (
				D7FFABB1725994A3AE91F9F1 /* imgui_impl_opengl3.cpp */,
				75A7871B875EC70DFCCCB55B /* imgui_impl_opengl3.h */,
			);
			name = OpenGL;
			sourceTree = "<group>";
		};
		3684523D5CAA81EFC3B1787D /* Products */ = {
			isa = PBXGroup;
			children = (
				B70ACDADC8C20D9F3E2FFBED /* libImGui.a */,
			);
			name = Products;
			sourceTree = "<group>";
		};
		7139F7EB5C261DDDA40BE62B /* Platform */ = {
			isa = PBXGroup;
			children = (
				2FFE905F51CA3D918E7F669F /* OpenGL */,
				06D8EA2BCA44ABDD08E8506B /* Windows */,
			);
			name = Platform;
			sourceTree = "<group>";
		};
		828D8E97F418A709A319CCD7 /* ImGui */ = {
			isa = PBXGroup;
			children = (
				09F5141D771D228F78B0125D /* ImGuiLayer.cpp */,
				D86C54071CBAF9795EE23247 /* ImGuiLayer.h */,
			);
			name = ImGui;
			sourceTree = "<group>";
		};
		9D968EAA920D05DCE0E0A4EA /* Projects */ = {
			isa = PBXGroup;
			children = (
				11BF275CF6062F8E79F35D9C /* GLFW.xcodeproj */,
				A78B3A348BD242660FBF7074 /* GLAD.xcodeproj */,
				E19C4EDD3901C1CFEB0FDD1D /* ImGui.xcodeproj */,
			);
			name = Projects;
			sourceTree = "<group>";
		};
		A6C936B49B3FADE6EA134CF4 /* Products */ = {
			isa = PBXGroup;
			children = (
				63F7EF5906E6160B960BF599 /* libAurora.a */,
			);
			name = Products;
			sourceTree = "<group>";
		};
		B341009C568C89CE715D56DC /* Aurora */ = {
			isa = PBXGroup;
			children = (
				065A6DAB4AA9131D8CD04BEB /* Application.cpp */,
				2C546BF52616286760152A35 /* Application.h */,
				ED18F3DFEDCBF0D161ADC21F /* Core.h */,
				04B8C5A5359CBD9748B4F3E5 /* EntryPoint.h */,
				2408530B24BB4FFD989D214B /* Events */,
				828D8E97F418A709A319CCD7 /* ImGui */,
				345063AD2DB6651F2151C1ED /* Input.h */,
				374221FB66D3F0ED41E1303B /* KeyCodes.h */,
				8F791A0788DF1B797C7A7847 /* Layer.h */,
				25C841C996EAE2BB4CB19009 /* LayerStack.cpp */,
				344A7433652E6C257846A273 /* LayerStack.h */,
				1704A147106AA2B90405FF87 /* Log.cpp */,
				3C17D811ADA2F0835CA41651 /* Log.h */,
				D49D63B32C02D6A5DE10F1F3 /* MouseButtonCodes.h */,
				7139F7EB5C261DDDA40BE62B /* Platform */,
				2549779D10359D8F581B65DD /* Window.h */,
			);
			name = Aurora;
			sourceTree = "<group>";
		};
		BBF76781A7E87333FA200DC1 /* Frameworks */ = {
			isa = PBXGroup;
			children = (
				19352E0A6698243CDCB7244A /* OpenGL.framework */,
				8D6BC6AA50D7885C8F7B2CEA /* Cocoa.framework */,
				0BACC980CF188B320DBC2FC0 /* IOKit.framework */,
				EA5C1300C9792D32A5828940 /* CoreFoundation.framework */,
				606C44802E8F9832B59DEAC0 /* CoreVideo.framework */,
			);
			name = Frameworks;
			sourceTree = "<group>";
		};
/* End PBXGroup section */

/* Begin PBXNativeTarget section */
		FD62C01F6EEDD8911DEEFE5F /* Aurora */ = {
			isa = PBXNativeTarget;
			buildConfigurationList = 690968A80D5C065A1F944EE8 /* Build configuration list for PBXNativeTarget "Aurora" */;
			buildPhases = (
				EAB5A0E98F083E9BA1408729 /* Resources */,
				5462BA40F8B557F20AEDA080 /* Sources */,
				7ACE20491F20BDFB31590689 /* Frameworks */,
			);
			buildRules = (
			);
			dependencies = (
				EEF851DBE85E534DDBF9B01B /* PBXTargetDependency */,
				0E079223076D9395FB08F063 /* PBXTargetDependency */,
				243C8F464A62BEF8B169B586 /* PBXTargetDependency */,
			);
			name = Aurora;
			productName = Aurora;
			productReference = 63F7EF5906E6160B960BF599 /* libAurora.a */;
			productType = "com.apple.product-type.library.static";
		};
/* End PBXNativeTarget section */

/* Begin PBXProject section */
		08FB7793FE84155DC02AAC07 /* Project object */ = {
			isa = PBXProject;
			buildConfigurationList = 1DEB928908733DD80010E9CD /* Build configuration list for PBXProject "Aurora" */;
			compatibilityVersion = "Xcode 3.2";
			hasScannedForEncodings = 1;
			mainGroup = 0799E0AAE544E35CB8E966EA /* Aurora */;
			projectDirPath = "";
			projectReferences = (
				{
					ProductGroup = 014014D2FAA61644EE417312 /* Products */;
					ProjectRef = 11BF275CF6062F8E79F35D9C /* GLFW.xcodeproj */;
				},
				{
					ProductGroup = 204F551A19B5568C0D50B35A /* Products */;
					ProjectRef = A78B3A348BD242660FBF7074 /* GLAD.xcodeproj */;
				},
				{
					ProductGroup = 3684523D5CAA81EFC3B1787D /* Products */;
					ProjectRef = E19C4EDD3901C1CFEB0FDD1D /* ImGui.xcodeproj */;
				},
			);
			projectRoot = "";
			targets = (
				FD62C01F6EEDD8911DEEFE5F /* libAurora.a */,
			);
		};
/* End PBXProject section */

/* Begin PBXReferenceProxy section */
		172B87E1712C9ED338739621 /* libGLFW.a */ = {
			isa = PBXReferenceProxy;
			fileType = archive.ar;
			path = libGLFW.a;
			remoteRef = 7AC179D2A0E7A98407EEA012 /* PBXContainerItemProxy */;
			sourceTree = BUILT_PRODUCTS_DIR;
		};
		838ED801DD8FEEF3A4D6E641 /* libGLAD.a */ = {
			isa = PBXReferenceProxy;
			fileType = archive.ar;
			path = libGLAD.a;
			remoteRef = 7BB8C31AA1DEF2CC08E5E95A /* PBXContainerItemProxy */;
			sourceTree = BUILT_PRODUCTS_DIR;
		};
		B70ACDADC8C20D9F3E2FFBED /* libImGui.a */ = {
			isa = PBXReferenceProxy;
			fileType = archive.ar;
			path = libImGui.a;
			remoteRef = 588D649D43798A8F8B5F52DD /* PBXContainerItemProxy */;
			sourceTree = BUILT_PRODUCTS_DIR;
		};
/* End PBXReferenceProxy section */

/* Begin PBXResourcesBuildPhase section */
		EAB5A0E98F083E9BA1408729 /* Resources */ = {
			isa = PBXResourcesBuildPhase;
			buildActionMask = 2147483647;
			files = (
			);
			runOnlyForDeploymentPostprocessing = 0;
		};
/* End PBXResourcesBuildPhase section */

/* Begin PBXSourcesBuildPhase section */
		5462BA40F8B557F20AEDA080 /* Sources */ = {
			isa = PBXSourcesBuildPhase;
			buildActionMask = 2147483647;
			files = (
				84A600231CF2E5D54B39E663 /* Application.cpp in Sources */,
				9A181E15B4E48CC7B8B52455 /* ImGuiLayer.cpp in Sources */,
				30A3102174B6E15368886661 /* LayerStack.cpp in Sources */,
				F636BB7FB9A27D31F84621BF /* Log.cpp in Sources */,
				4AE14009FEDD593BE08F9649 /* imgui_impl_opengl3.cpp in Sources */,
				C9CD043523CE1B27EB151275 /* WinWindow.cpp in Sources */,
				F42F9EFF50B6A371D9595D3F /* WindowsInput.cpp in Sources */,
				AED797480A18EABADD733588 /* aurpch.cpp in Sources */,
			);
			runOnlyForDeploymentPostprocessing = 0;
		};
/* End PBXSourcesBuildPhase section */

/* Begin PBXTargetDependency section */
		0E079223076D9395FB08F063 /* PBXTargetDependency */ = {
			isa = PBXTargetDependency;
			name = libGLAD.a;
			targetProxy = CDF335B3F41965655B205BF3 /* PBXContainerItemProxy */;
		};
		243C8F464A62BEF8B169B586 /* PBXTargetDependency */ = {
			isa = PBXTargetDependency;
			name = libImGui.a;
			targetProxy = AAC7D73695B3FD28DD99C576 /* PBXContainerItemProxy */;
		};
		EEF851DBE85E534DDBF9B01B /* PBXTargetDependency */ = {
			isa = PBXTargetDependency;
			name = libGLFW.a;
			targetProxy = CCFBEC6BF3221C1D5A2912AB /* PBXContainerItemProxy */;
		};
/* End PBXTargetDependency section */

/* Begin PBXVariantGroup section */
/* End PBXVariantGroup section */

/* Begin XCBuildConfiguration section */
		36C87C8686DC1138095A42C6 /* Dist */ = {
			isa = XCBuildConfiguration;
			buildSettings = {
				ARCHS = "$(NATIVE_ARCH_ACTUAL)";
				CLANG_CXX_LANGUAGE_STANDARD = "c++1z";
				CONFIGURATION_BUILD_DIR = "$(SYMROOT)";
				CONFIGURATION_TEMP_DIR = "$(OBJROOT)";
				GCC_OPTIMIZATION_LEVEL = 3;
				GCC_PREPROCESSOR_DEFINITIONS = (
					AUR_PLATFORM_MACOS,
					GLFW_INCLUDE_NONE,
					AUR_DIST,
				);
				GCC_SYMBOLS_PRIVATE_EXTERN = NO;
				GCC_WARN_ABOUT_RETURN_TYPE = YES;
				GCC_WARN_UNUSED_VARIABLE = YES;
				OBJROOT = "../bin-init/Dist-macosx-x86_64/Aurora";
				ONLY_ACTIVE_ARCH = NO;
				OTHER_CFLAGS = (
					"-F ~/MacOSX-SDKs/MacOSX10.15.sdk/System/Library/Frameworks",
				);
				OTHER_LDFLAGS = (
					"-lopengl32.lib",
					"-F ~/MacOSX-SDKs/MacOSX10.15.sdk/System/Library/Frameworks",
				);
				SYMROOT = "../bin/Dist-macosx-x86_64/Aurora";
				USER_HEADER_SEARCH_PATHS = (
					src,
					vendor/spdlog/include,
					vendor/GLFW/include,
					vendor/GLAD/include,
					vendor/imgui,
				);
			};
			name = Dist;
		};
		3887B96E60C27220485DFFAE /* Debug */ = {
			isa = XCBuildConfiguration;
			buildSettings = {
				ALWAYS_SEARCH_USER_PATHS = NO;
				CONFIGURATION_BUILD_DIR = "../bin/Debug-macosx-x86_64/Aurora";
				DEBUG_INFORMATION_FORMAT = "dwarf-with-dsym";
				GCC_DYNAMIC_NO_PIC = NO;
				INSTALL_PATH = /usr/local/lib;
				PRODUCT_NAME = Aurora;
			};
			name = Debug;
		};
		48D7B0799B5DDB6B6DA23EB9 /* Debug */ = {
			isa = XCBuildConfiguration;
			buildSettings = {
				ARCHS = "$(NATIVE_ARCH_ACTUAL)";
				CLANG_CXX_LANGUAGE_STANDARD = "c++1z";
				CONFIGURATION_BUILD_DIR = "$(SYMROOT)";
				CONFIGURATION_TEMP_DIR = "$(OBJROOT)";
				COPY_PHASE_STRIP = NO;
				GCC_ENABLE_FIX_AND_CONTINUE = YES;
				GCC_OPTIMIZATION_LEVEL = 0;
				GCC_PREPROCESSOR_DEFINITIONS = (
					AUR_PLATFORM_MACOS,
					GLFW_INCLUDE_NONE,
					AUR_DEBUG,
				);
				GCC_SYMBOLS_PRIVATE_EXTERN = NO;
				GCC_WARN_ABOUT_RETURN_TYPE = YES;
				GCC_WARN_UNUSED_VARIABLE = YES;
				OBJROOT = "../bin-init/Debug-macosx-x86_64/Aurora";
				ONLY_ACTIVE_ARCH = YES;
				OTHER_CFLAGS = (
					"-F ~/MacOSX-SDKs/MacOSX10.15.sdk/System/Library/Frameworks",
				);
				OTHER_LDFLAGS = (
					"-lopengl32.lib",
					"-F ~/MacOSX-SDKs/MacOSX10.15.sdk/System/Library/Frameworks",
				);
				SYMROOT = "../bin/Debug-macosx-x86_64/Aurora";
				USER_HEADER_SEARCH_PATHS = (
					src,
					vendor/spdlog/include,
					vendor/GLFW/include,
					vendor/GLAD/include,
					vendor/imgui,
				);
			};
			name = Debug;
		};
		B31A24FB09A78F6DE220A33B /* Dist */ = {
			isa = XCBuildConfiguration;
			buildSettings = {
				ALWAYS_SEARCH_USER_PATHS = NO;
				CONFIGURATION_BUILD_DIR = "../bin/Dist-macosx-x86_64/Aurora";
				DEBUG_INFORMATION_FORMAT = "dwarf-with-dsym";
				GCC_DYNAMIC_NO_PIC = NO;
				INSTALL_PATH = /usr/local/lib;
				PRODUCT_NAME = Aurora;
			};
			name = Dist;
		};
		C01EE7E8E1EA951A1E9FBE28 /* Release */ = {
			isa = XCBuildConfiguration;
			buildSettings = {
				ALWAYS_SEARCH_USER_PATHS = NO;
				CONFIGURATION_BUILD_DIR = "../bin/Release-macosx-x86_64/Aurora";
				DEBUG_INFORMATION_FORMAT = "dwarf-with-dsym";
				GCC_DYNAMIC_NO_PIC = NO;
				INSTALL_PATH = /usr/local/lib;
				PRODUCT_NAME = Aurora;
			};
			name = Release;
		};
		D1ED8CF3DEAA3C655394AB33 /* Release */ = {
			isa = XCBuildConfiguration;
			buildSettings = {
				ARCHS = "$(NATIVE_ARCH_ACTUAL)";
				CLANG_CXX_LANGUAGE_STANDARD = "c++1z";
				CONFIGURATION_BUILD_DIR = "$(SYMROOT)";
				CONFIGURATION_TEMP_DIR = "$(OBJROOT)";
				GCC_OPTIMIZATION_LEVEL = 3;
				GCC_PREPROCESSOR_DEFINITIONS = (
					AUR_PLATFORM_MACOS,
					GLFW_INCLUDE_NONE,
					AUR_RELEASE,
				);
				GCC_SYMBOLS_PRIVATE_EXTERN = NO;
				GCC_WARN_ABOUT_RETURN_TYPE = YES;
				GCC_WARN_UNUSED_VARIABLE = YES;
				OBJROOT = "../bin-init/Release-macosx-x86_64/Aurora";
				ONLY_ACTIVE_ARCH = NO;
				OTHER_CFLAGS = (
					"-F ~/MacOSX-SDKs/MacOSX10.15.sdk/System/Library/Frameworks",
				);
				OTHER_LDFLAGS = (
					"-lopengl32.lib",
					"-F ~/MacOSX-SDKs/MacOSX10.15.sdk/System/Library/Frameworks",
				);
				SYMROOT = "../bin/Release-macosx-x86_64/Aurora";
				USER_HEADER_SEARCH_PATHS = (
					src,
					vendor/spdlog/include,
					vendor/GLFW/include,
					vendor/GLAD/include,
					vendor/imgui,
				);
			};
			name = Release;
		};
/* End XCBuildConfiguration section */

/* Begin XCConfigurationList section */
		1DEB928908733DD80010E9CD /* Build configuration list for PBXProject "Aurora" */ = {
			isa = XCConfigurationList;
			buildConfigurations = (
				48D7B0799B5DDB6B6DA23EB9 /* Debug */,
				D1ED8CF3DEAA3C655394AB33 /* Release */,
				36C87C8686DC1138095A42C6 /* Dist */,
			);
			defaultConfigurationIsVisible = 0;
			defaultConfigurationName = Debug;
		};
		690968A80D5C065A1F944EE8 /* Build configuration list for PBXNativeTarget "libAurora.a" */ = {
			isa = XCConfigurationList;
			buildConfigurations = (
				3887B96E60C27220485DFFAE /* Debug */,
				C01EE7E8E1EA951A1E9FBE28 /* Release */,
				B31A24FB09A78F6DE220A33B /* Dist */,
			);
			defaultConfigurationIsVisible = 0;
			defaultConfigurationName = Debug;
		};
/* End XCConfigurationList section */
};
rootObject = 08FB7793FE84155DC02AAC07 /* Project object */;
}