// !$*UTF8*$!
{
	archiveVersion = 1;
	classes = {
	};
	objectVersion = 46;
	objects = {

/* Begin PBXBuildFile section */
		1817955824A247CA9F871398 /* CoreFoundation.framework in Frameworks */ = {isa = PBXBuildFile; fileRef = EA5C1300C9792D32A5828940 /* CoreFoundation.framework */; };
		713678D803C442CA6C9CE718 /* IOKit.framework in Frameworks */ = {isa = PBXBuildFile; fileRef = 0BACC980CF188B320DBC2FC0 /* IOKit.framework */; };
		840EA602F136B474F2C9A442 /* OpenGL.framework in Frameworks */ = {isa = PBXBuildFile; fileRef = 19352E0A6698243CDCB7244A /* OpenGL.framework */; };
		9223EFD8340D8BCA2B349E18 /* CoreVideo.framework in Frameworks */ = {isa = PBXBuildFile; fileRef = 606C44802E8F9832B59DEAC0 /* CoreVideo.framework */; };
		AE6B5FF60AF2646893951E36 /* libAurora.a in Frameworks */ = {isa = PBXBuildFile; fileRef = 04FD7C1E14E2A8500156325E /* libAurora.a */; };
		D4A6CE04BF92F3F60778BC44 /* App.cpp in Sources */ = {isa = PBXBuildFile; fileRef = E0E9D5EC853C739E9774BC2C /* App.cpp */; };
		F8E8DBA28B76A594F44F49E2 /* Cocoa.framework in Frameworks */ = {isa = PBXBuildFile; fileRef = 8D6BC6AA50D7885C8F7B2CEA /* Cocoa.framework */; };
/* End PBXBuildFile section */

/* Begin PBXContainerItemProxy section */
		6422BF0CAC93A33EF132754C /* PBXContainerItemProxy */ = {
			isa = PBXContainerItemProxy;
			containerPortal = D9470CB8EB70E96A1F61D2F8 /* Aurora.xcodeproj */;
			proxyType = 2;
			remoteGlobalIDString = 63F7EF5906E6160B960BF599;
			remoteInfo = libAurora.a;
		};
		B65D31A5FECE15D7436CE7E5 /* PBXContainerItemProxy */ = {
			isa = PBXContainerItemProxy;
			containerPortal = D9470CB8EB70E96A1F61D2F8 /* Aurora.xcodeproj */;
			proxyType = 1;
			remoteGlobalIDString = FD62C01F6EEDD8911DEEFE5F;
			remoteInfo = libAurora.a;
		};
/* End PBXContainerItemProxy section */

/* Begin PBXFileReference section */
		0BACC980CF188B320DBC2FC0 /* IOKit.framework */ = {isa = PBXFileReference; lastKnownFileType = wrapper.framework; name = IOKit.framework; path = System/Library/Frameworks/IOKit.framework; sourceTree = SDKROOT; };
		19352E0A6698243CDCB7244A /* OpenGL.framework */ = {isa = PBXFileReference; lastKnownFileType = wrapper.framework; name = OpenGL.framework; path = System/Library/Frameworks/OpenGL.framework; sourceTree = SDKROOT; };
		360AFA78DA5D982AEC95E0B8 /* SandBox */ = {isa = PBXFileReference; explicitFileType = "compiled.mach-o.executable"; includeInIndex = 0; path = SandBox; sourceTree = BUILT_PRODUCTS_DIR; };
		606C44802E8F9832B59DEAC0 /* CoreVideo.framework */ = {isa = PBXFileReference; lastKnownFileType = wrapper.framework; name = CoreVideo.framework; path = System/Library/Frameworks/CoreVideo.framework; sourceTree = SDKROOT; };
		8D6BC6AA50D7885C8F7B2CEA /* Cocoa.framework */ = {isa = PBXFileReference; lastKnownFileType = wrapper.framework; name = Cocoa.framework; path = System/Library/Frameworks/Cocoa.framework; sourceTree = SDKROOT; };
		D9470CB8EB70E96A1F61D2F8 /* Aurora.xcodeproj */ = {isa = PBXFileReference; lastKnownFileType = "wrapper.pb-project"; name = Aurora.xcodeproj; path = ../Aurora/Aurora.xcodeproj; sourceTree = SOURCE_ROOT; };
		E0E9D5EC853C739E9774BC2C /* App.cpp */ = {isa = PBXFileReference; lastKnownFileType = sourcecode.cpp.cpp; name = App.cpp; path = src/App.cpp; sourceTree = "<group>"; };
		EA5C1300C9792D32A5828940 /* CoreFoundation.framework */ = {isa = PBXFileReference; lastKnownFileType = wrapper.framework; name = CoreFoundation.framework; path = System/Library/Frameworks/CoreFoundation.framework; sourceTree = SDKROOT; };
/* End PBXFileReference section */

/* Begin PBXFrameworksBuildPhase section */
		91B273E8E1C6089A64443A28 /* Frameworks */ = {
			isa = PBXFrameworksBuildPhase;
			buildActionMask = 2147483647;
			files = (
				840EA602F136B474F2C9A442 /* OpenGL.framework in Frameworks */,
				F8E8DBA28B76A594F44F49E2 /* Cocoa.framework in Frameworks */,
				713678D803C442CA6C9CE718 /* IOKit.framework in Frameworks */,
				1817955824A247CA9F871398 /* CoreFoundation.framework in Frameworks */,
				9223EFD8340D8BCA2B349E18 /* CoreVideo.framework in Frameworks */,
				AE6B5FF60AF2646893951E36 /* libAurora.a in Frameworks */,
			);
			runOnlyForDeploymentPostprocessing = 0;
		};
/* End PBXFrameworksBuildPhase section */

/* Begin PBXGroup section */
		00909ACCEB7CC0BE3362890C /* Products */ = {
			isa = PBXGroup;
			children = (
				04FD7C1E14E2A8500156325E /* libAurora.a */,
			);
			name = Products;
			sourceTree = "<group>";
		};
		9D968EAA920D05DCE0E0A4EA /* Projects */ = {
			isa = PBXGroup;
			children = (
				D9470CB8EB70E96A1F61D2F8 /* Aurora.xcodeproj */,
			);
			name = Projects;
			sourceTree = "<group>";
		};
		A6C936B49B3FADE6EA134CF4 /* Products */ = {
			isa = PBXGroup;
			children = (
				360AFA78DA5D982AEC95E0B8 /* SandBox */,
			);
			name = Products;
			sourceTree = "<group>";
		};
		BBF76781A7E87333FA200DC1 /* Frameworks */ = {
			isa = PBXGroup;
			children = (
				19352E0A6698243CDCB7244A /* OpenGL.framework */,
				8D6BC6AA50D7885C8F7B2CEA /* Cocoa.framework */,
				0BACC980CF188B320DBC2FC0 /* IOKit.framework */,
				EA5C1300C9792D32A5828940 /* CoreFoundation.framework */,
				606C44802E8F9832B59DEAC0 /* CoreVideo.framework */,
			);
			name = Frameworks;
			sourceTree = "<group>";
		};
		C901C04F5C0D1941A4420E8F /* SandBox */ = {
			isa = PBXGroup;
			children = (
				E0E9D5EC853C739E9774BC2C /* App.cpp */,
				BBF76781A7E87333FA200DC1 /* Frameworks */,
				A6C936B49B3FADE6EA134CF4 /* Products */,
				9D968EAA920D05DCE0E0A4EA /* Projects */,
			);
			name = SandBox;
			sourceTree = "<group>";
		};
/* End PBXGroup section */

/* Begin PBXNativeTarget section */
		87A1635E945E12D00948819E /* SandBox */ = {
			isa = PBXNativeTarget;
			buildConfigurationList = 7FEDBC47D00150F9527F8287 /* Build configuration list for PBXNativeTarget "SandBox" */;
			buildPhases = (
				0199F48851AD893AD42BBAC8 /* Resources */,
				6B470DDFBB5AA2913DD8D41F /* Sources */,
				91B273E8E1C6089A64443A28 /* Frameworks */,
			);
			buildRules = (
			);
			dependencies = (
				EE48D7D5D934FDC7211AC615 /* PBXTargetDependency */,
			);
			name = SandBox;
			productInstallPath = "$(HOME)/bin";
			productName = SandBox;
			productReference = 360AFA78DA5D982AEC95E0B8 /* SandBox */;
			productType = "com.apple.product-type.tool";
		};
/* End PBXNativeTarget section */

/* Begin PBXProject section */
		08FB7793FE84155DC02AAC07 /* Project object */ = {
			isa = PBXProject;
			attributes = {
			};
			buildConfigurationList = 1DEB928908733DD80010E9CD /* Build configuration list for PBXProject "SandBox" */;
			compatibilityVersion = "Xcode 3.2";
			developmentRegion = en;
			hasScannedForEncodings = 1;
			knownRegions = (
				en,
				Base,
			);
			mainGroup = C901C04F5C0D1941A4420E8F /* SandBox */;
			projectDirPath = "";
			projectReferences = (
				{
					ProductGroup = 00909ACCEB7CC0BE3362890C /* Products */;
					ProjectRef = D9470CB8EB70E96A1F61D2F8 /* Aurora.xcodeproj */;
				},
			);
			projectRoot = "";
			targets = (
				87A1635E945E12D00948819E /* SandBox */,
			);
		};
/* End PBXProject section */

/* Begin PBXReferenceProxy section */
		04FD7C1E14E2A8500156325E /* libAurora.a */ = {
			isa = PBXReferenceProxy;
			fileType = archive.ar;
			path = libAurora.a;
			remoteRef = 6422BF0CAC93A33EF132754C /* PBXContainerItemProxy */;
			sourceTree = BUILT_PRODUCTS_DIR;
		};
/* End PBXReferenceProxy section */

/* Begin PBXResourcesBuildPhase section */
		0199F48851AD893AD42BBAC8 /* Resources */ = {
			isa = PBXResourcesBuildPhase;
			buildActionMask = 2147483647;
			files = (
			);
			runOnlyForDeploymentPostprocessing = 0;
		};
/* End PBXResourcesBuildPhase section */

/* Begin PBXSourcesBuildPhase section */
		6B470DDFBB5AA2913DD8D41F /* Sources */ = {
			isa = PBXSourcesBuildPhase;
			buildActionMask = 2147483647;
			files = (
				D4A6CE04BF92F3F60778BC44 /* App.cpp in Sources */,
			);
			runOnlyForDeploymentPostprocessing = 0;
		};
/* End PBXSourcesBuildPhase section */

/* Begin PBXTargetDependency section */
		EE48D7D5D934FDC7211AC615 /* PBXTargetDependency */ = {
			isa = PBXTargetDependency;
			name = libAurora.a;
			targetProxy = B65D31A5FECE15D7436CE7E5 /* PBXContainerItemProxy */;
		};
/* End PBXTargetDependency section */

/* Begin XCBuildConfiguration section */
		10273B78B479D92AC6B221B8 /* Release */ = {
			isa = XCBuildConfiguration;
			buildSettings = {
				ARCHS = "$(NATIVE_ARCH_ACTUAL)";
				CLANG_CXX_LANGUAGE_STANDARD = "c++1z";
				CONFIGURATION_BUILD_DIR = "$(SYMROOT)";
				CONFIGURATION_TEMP_DIR = "$(OBJROOT)";
				GCC_OPTIMIZATION_LEVEL = 3;
				GCC_PREPROCESSOR_DEFINITIONS = (
					AUR_PLATFORM_MACOS,
					AUR_RELEASE,
				);
				GCC_SYMBOLS_PRIVATE_EXTERN = NO;
				GCC_WARN_ABOUT_RETURN_TYPE = YES;
				GCC_WARN_UNUSED_VARIABLE = YES;
				OBJROOT = "../bin-init/Release-macosx-x86_64/SandBox";
				ONLY_ACTIVE_ARCH = NO;
				OTHER_CFLAGS = (
					"-F",
					"~/MacOSX-SDKs/MacOSX10.15.sdk/System/Library/Frameworks",
				);
				OTHER_LDFLAGS = (
					"-F",
					"~/MacOSX-SDKs/MacOSX10.15.sdk/System/Library/Frameworks",
				);
				SYMROOT = "../bin/Release-macosx-x86_64/SandBox";
				USER_HEADER_SEARCH_PATHS = "../Aurora/vendor/spdlog/include ../Aurora/src";
			};
			name = Release;
		};
		5D59F9BE00A582F01B764FFE /* Debug */ = {
			isa = XCBuildConfiguration;
			buildSettings = {
				ARCHS = "$(NATIVE_ARCH_ACTUAL)";
				CLANG_CXX_LANGUAGE_STANDARD = "c++1z";
				CONFIGURATION_BUILD_DIR = "$(SYMROOT)";
				CONFIGURATION_TEMP_DIR = "$(OBJROOT)";
				COPY_PHASE_STRIP = NO;
				GCC_ENABLE_FIX_AND_CONTINUE = YES;
				GCC_OPTIMIZATION_LEVEL = 0;
				GCC_PREPROCESSOR_DEFINITIONS = (
					AUR_PLATFORM_MACOS,
					AUR_DEBUG,
				);
				GCC_SYMBOLS_PRIVATE_EXTERN = NO;
				GCC_WARN_ABOUT_RETURN_TYPE = YES;
				GCC_WARN_UNUSED_VARIABLE = YES;
				OBJROOT = "../bin-init/Debug-macosx-x86_64/SandBox";
				ONLY_ACTIVE_ARCH = YES;
				OTHER_CFLAGS = (
					"-F",
					"~/MacOSX-SDKs/MacOSX10.15.sdk/System/Library/Frameworks",
				);
				OTHER_LDFLAGS = (
					"-F",
					"~/MacOSX-SDKs/MacOSX10.15.sdk/System/Library/Frameworks",
				);
				SYMROOT = "../bin/Debug-macosx-x86_64/SandBox";
				USER_HEADER_SEARCH_PATHS = "../Aurora/vendor/spdlog/include ../Aurora/src";
			};
			name = Debug;
		};
		81EB973A7B5198AC6EECF57A /* Dist */ = {
			isa = XCBuildConfiguration;
			buildSettings = {
				ALWAYS_SEARCH_USER_PATHS = NO;
				CONFIGURATION_BUILD_DIR = "../bin/Dist-macosx-x86_64/SandBox";
				DEBUG_INFORMATION_FORMAT = "dwarf-with-dsym";
				GCC_DYNAMIC_NO_PIC = NO;
				INSTALL_PATH = /usr/local/bin;
				MACOSX_DEPLOYMENT_TARGET = 10.14;
				PRODUCT_NAME = SandBox;
			};
			name = Dist;
		};
		A7F5A5C7F06689F935055C07 /* Release */ = {
			isa = XCBuildConfiguration;
			buildSettings = {
				ALWAYS_SEARCH_USER_PATHS = NO;
				CONFIGURATION_BUILD_DIR = "../bin/Release-macosx-x86_64/SandBox";
				DEBUG_INFORMATION_FORMAT = "dwarf-with-dsym";
				GCC_DYNAMIC_NO_PIC = NO;
				INSTALL_PATH = /usr/local/bin;
				MACOSX_DEPLOYMENT_TARGET = 10.14;
				PRODUCT_NAME = SandBox;
			};
			name = Release;
		};
		E187738D07ADA33F6EB499CD /* Debug */ = {
			isa = XCBuildConfiguration;
			buildSettings = {
				ALWAYS_SEARCH_USER_PATHS = NO;
				CONFIGURATION_BUILD_DIR = "../bin/Debug-macosx-x86_64/SandBox";
				DEBUG_INFORMATION_FORMAT = "dwarf-with-dsym";
				GCC_DYNAMIC_NO_PIC = NO;
				INSTALL_PATH = /usr/local/bin;
				MACOSX_DEPLOYMENT_TARGET = 10.14;
				PRODUCT_NAME = SandBox;
			};
			name = Debug;
		};
		E9D4312B3C5A5C1D0E9EBF6B /* Dist */ = {
			isa = XCBuildConfiguration;
			buildSettings = {
				ARCHS = "$(NATIVE_ARCH_ACTUAL)";
				CLANG_CXX_LANGUAGE_STANDARD = "c++1z";
				CONFIGURATION_BUILD_DIR = "$(SYMROOT)";
				CONFIGURATION_TEMP_DIR = "$(OBJROOT)";
				GCC_OPTIMIZATION_LEVEL = 3;
				GCC_PREPROCESSOR_DEFINITIONS = (
					AUR_PLATFORM_MACOS,
					AUR_DIST,
				);
				GCC_SYMBOLS_PRIVATE_EXTERN = NO;
				GCC_WARN_ABOUT_RETURN_TYPE = YES;
				GCC_WARN_UNUSED_VARIABLE = YES;
				OBJROOT = "../bin-init/Dist-macosx-x86_64/SandBox";
				ONLY_ACTIVE_ARCH = NO;
				OTHER_CFLAGS = (
					"-F",
					"~/MacOSX-SDKs/MacOSX10.15.sdk/System/Library/Frameworks",
				);
				OTHER_LDFLAGS = (
					"-F",
					"~/MacOSX-SDKs/MacOSX10.15.sdk/System/Library/Frameworks",
				);
				SYMROOT = "../bin/Dist-macosx-x86_64/SandBox";
				USER_HEADER_SEARCH_PATHS = "../Aurora/vendor/spdlog/include ../Aurora/src";
			};
			name = Dist;
		};
/* End XCBuildConfiguration section */

/* Begin XCConfigurationList section */
		1DEB928908733DD80010E9CD /* Build configuration list for PBXProject "SandBox" */ = {
			isa = XCConfigurationList;
			buildConfigurations = (
				5D59F9BE00A582F01B764FFE /* Debug */,
				10273B78B479D92AC6B221B8 /* Release */,
				E9D4312B3C5A5C1D0E9EBF6B /* Dist */,
			);
			defaultConfigurationIsVisible = 0;
			defaultConfigurationName = Debug;
		};
		7FEDBC47D00150F9527F8287 /* Build configuration list for PBXNativeTarget "SandBox" */ = {
			isa = XCConfigurationList;
			buildConfigurations = (
				E187738D07ADA33F6EB499CD /* Debug */,
				A7F5A5C7F06689F935055C07 /* Release */,
				81EB973A7B5198AC6EECF57A /* Dist */,
			);
			defaultConfigurationIsVisible = 0;
			defaultConfigurationName = Debug;
		};
/* End XCConfigurationList section */
	};
	rootObject = 08FB7793FE84155DC02AAC07 /* Project object */;
}
